
Microsoft Visual Studio Solution File, Format Version 12.00
# Visual Studio Version 17
VisualStudioVersion = 17.3.32929.385
MinimumVisualStudioVersion = 10.0.40219.1
Project("{FAE04EC0-301F-11D3-BF4B-00C04F79EFBC}") = "Lab7", "Lab7\Lab7.csproj", "{973C2B32-2B45-41DA-A2C1-DB0A1C247A20}"
EndProject
Global
	GlobalSection(SolutionConfigurationPlatforms) = preSolution
		Debug|Any CPU = Debug|Any CPU
		Release|Any CPU = Release|Any CPU
	EndGlobalSection
	GlobalSection(ProjectConfigurationPlatforms) = postSolution
		{973C2B32-2B45-41DA-A2C1-DB0A1C247A20}.Debug|Any CPU.ActiveCfg = Debug|Any CPU
		{973C2B32-2B45-41DA-A2C1-DB0A1C247A20}.Debug|Any CPU.Build.0 = Debug|Any CPU
		{973C2B32-2B45-41DA-A2C1-DB0A1C247A20}.Release|Any CPU.ActiveCfg = Release|Any CPU
		{973C2B32-2B45-41DA-A2C1-DB0A1C247A20}.Release|Any CPU.Build.0 = Release|Any CPU
	EndGlobalSection
	GlobalSection(SolutionProperties) = preSolution
		HideSolutionNode = FALSE
	EndGlobalSection
	GlobalSection(ExtensibilityGlobals) = postSolution
		SolutionGuid = {F246AFA5-DC72-4550-83F3-407697FD7946}
	EndGlobalSection
EndGlobal
